
Microsoft Visual Studio Solution File, Format Version 12.00
# Visual Studio 15
VisualStudioVersion = 15.0.28010.2050
MinimumVisualStudioVersion = 10.0.40219.1
Project("{8BC9CEB8-8B4A-11D0-8D11-00A0C91BC942}") = "Direct3DExample", "Direct3DExample\Direct3DExample.vcxproj", "{8593AF7D-0826-49C9-81C8-14EEE9EF5817}"
EndProject
Global
	GlobalSection(SolutionConfigurationPlatforms) = preSolution
		Debug|x64 = Debug|x64
		Debug|x86 = Debug|x86
		Release|x64 = Release|x64
		Release|x86 = Release|x86
	EndGlobalSection
	GlobalSection(ProjectConfigurationPlatforms) = postSolution
		{8593AF7D-0826-49C9-81C8-14EEE9EF5817}.Debug|x64.ActiveCfg = Debug|x64
		{8593AF7D-0826-49C9-81C8-14EEE9EF5817}.Debug|x64.Build.0 = Debug|x64
		{8593AF7D-0826-49C9-81C8-14EEE9EF5817}.Debug|x86.ActiveCfg = Debug|Win32
		{8593AF7D-0826-49C9-81C8-14EEE9EF5817}.Debug|x86.Build.0 = Debug|Win32
		{8593AF7D-0826-49C9-81C8-14EEE9EF5817}.Release|x64.ActiveCfg = Release|x64
		{8593AF7D-0826-49C9-81C8-14EEE9EF5817}.Release|x64.Build.0 = Release|x64
		{8593AF7D-0826-49C9-81C8-14EEE9EF5817}.Release|x86.ActiveCfg = Release|Win32
		{8593AF7D-0826-49C9-81C8-14EEE9EF5817}.Release|x86.Build.0 = Release|Win32
	EndGlobalSection
	GlobalSection(SolutionProperties) = preSolution
		HideSolutionNode = FALSE
	EndGlobalSection
	GlobalSection(ExtensibilityGlobals) = postSolution
		SolutionGuid = {585A1CF9-FF9E-44EC-89EC-3A904CCE34CE}
	EndGlobalSection
EndGlobal
