<?xml version="1.0" encoding="utf-8"?>
<Project ToolsVersion="4.0" xmlns="http://schemas.microsoft.com/developer/msbuild/2003">
  <ItemGroup>
    <Filter Include="Resource Files">
      <UniqueIdentifier>{67DA6AB6-F800-4c08-8B7A-83BB121AAD01}</UniqueIdentifier>
      <Extensions>rc;ico;cur;bmp;dlg;rc2;rct;bin;rgs;gif;jpg;jpeg;jpe;resx;tiff;tif;png;wav;mfcribbon-ms</Extensions>
    </Filter>
    <Filter Include="Sources">
      <UniqueIdentifier>{7fa4f61d-7b94-433f-b5b2-97bf19db46ff}</UniqueIdentifier>
    </Filter>
    <Filter Include="Resource Files\Shaders">
      <UniqueIdentifier>{e877b08a-8201-4853-917b-58749e1362ef}</UniqueIdentifier>
    </Filter>
  </ItemGroup>
  <ItemGroup>
    <ClInclude Include="stdafx.h">
      <Filter>Sources</Filter>
    </ClInclude>
    <ClInclude Include="PbrExample.h">
      <Filter>Sources</Filter>
    </ClInclude>
    <ClInclude Include="SkyboxPass.h">
      <Filter>Sources</Filter>
    </ClInclude>
    <ClInclude Include="PbrPass.h">
      <Filter>Sources</Filter>
    </ClInclude>
    <ClInclude Include="PbrDrawable.h">
      <Filter>Sources</Filter>
    </ClInclude>
    <ClInclude Include="Shaders\types.pbr.h">
      <Filter>Resource Files\Shaders</Filter>
    </ClInclude>
    <ClInclude Include="IrradiancePass.h">
      <Filter>Sources</Filter>
    </ClInclude>
  </ItemGroup>
  <ItemGroup>
    <ClCompile Include="stdafx.cpp">
      <Filter>Sources</Filter>
    </ClCompile>
    <ClCompile Include="PbrMain.cpp">
      <Filter>Sources</Filter>
    </ClCompile>
    <ClCompile Include="PbrExample.cpp">
      <Filter>Sources</Filter>
    </ClCompile>
    <ClCompile Include="SkyboxPass.cpp">
      <Filter>Sources</Filter>
    </ClCompile>
    <ClCompile Include="PbrPass.cpp">
      <Filter>Sources</Filter>
    </ClCompile>
    <ClCompile Include="PbrDrawable.cpp">
      <Filter>Sources</Filter>
    </ClCompile>
    <ClCompile Include="IrradiancePass.cpp">
      <Filter>Sources</Filter>
    </ClCompile>
  </ItemGroup>
  <ItemGroup>
    <None Include="packages.config" />
    <None Include="Shaders\pbr.hlsli">
      <Filter>Resource Files\Shaders</Filter>
    </None>
    <None Include="Shaders\skybox.hlsli">
      <Filter>Resource Files\Shaders</Filter>
    </None>
    <None Include="Shaders\constants.hlsli">
      <Filter>Resource Files\Shaders</Filter>
    </None>
    <None Include="Shaders\Irradiance.hlsli">
      <Filter>Resource Files\Shaders</Filter>
    </None>
    <None Include="Shaders\utils.hlsli">
      <Filter>Resource Files\Shaders</Filter>
    </None>
  </ItemGroup>
  <ItemGroup>
    <FxCompile Include="Shaders\pbr.ps.hlsl">
      <Filter>Resource Files\Shaders</Filter>
    </FxCompile>
    <FxCompile Include="Shaders\pbr.vs.hlsl">
      <Filter>Resource Files\Shaders</Filter>
    </FxCompile>
    <FxCompile Include="Shaders\skybox.ps.hlsl">
      <Filter>Resource Files\Shaders</Filter>
    </FxCompile>
    <FxCompile Include="Shaders\skybox.vs.hlsl">
      <Filter>Resource Files\Shaders</Filter>
    </FxCompile>
    <FxCompile Include="Shaders\Irradiance.cs.hlsl">
      <Filter>Resource Files\Shaders</Filter>
    </FxCompile>
  </ItemGroup>
</Project>