<?xml version="1.0" encoding="utf-8"?>
<Project ToolsVersion="4.0" xmlns="http://schemas.microsoft.com/developer/msbuild/2003">
  <ItemGroup>
    <Filter Include="Resource Files">
      <UniqueIdentifier>{67DA6AB6-F800-4c08-8B7A-83BB121AAD01}</UniqueIdentifier>
      <Extensions>rc;ico;cur;bmp;dlg;rc2;rct;bin;rgs;gif;jpg;jpeg;jpe;resx;tiff;tif;png;wav;mfcribbon-ms</Extensions>
    </Filter>
    <Filter Include="Sources">
      <UniqueIdentifier>{d15ad60e-388c-46b6-82ad-9f29812f7c0f}</UniqueIdentifier>
    </Filter>
    <Filter Include="Resource Files\Shaders">
      <UniqueIdentifier>{70602350-46b1-49c1-8e7a-797b0e4666a8}</UniqueIdentifier>
    </Filter>
    <Filter Include="Resource Files\Shaders\RayTracing">
      <UniqueIdentifier>{f484b83a-c270-4dbc-9831-6c15ab7f9122}</UniqueIdentifier>
    </Filter>
  </ItemGroup>
  <ItemGroup>
    <ClCompile Include="Main.cpp">
      <Filter>Sources</Filter>
    </ClCompile>
    <ClCompile Include="Application.cpp">
      <Filter>Sources</Filter>
    </ClCompile>
    <ClCompile Include="pch.cpp">
      <Filter>Sources</Filter>
    </ClCompile>
    <ClCompile Include="D3DExample.cpp">
      <Filter>Sources</Filter>
    </ClCompile>
    <ClCompile Include="DXRExample.cpp">
      <Filter>Sources</Filter>
    </ClCompile>
  </ItemGroup>
  <ItemGroup>
    <ClInclude Include="Application.h">
      <Filter>Sources</Filter>
    </ClInclude>
    <ClInclude Include="pch.h">
      <Filter>Sources</Filter>
    </ClInclude>
    <ClInclude Include="D3DExample.h">
      <Filter>Sources</Filter>
    </ClInclude>
    <ClInclude Include="Example.h">
      <Filter>Sources</Filter>
    </ClInclude>
    <ClInclude Include="DXRExample.h">
      <Filter>Sources</Filter>
    </ClInclude>
  </ItemGroup>
  <ItemGroup>
    <FxCompile Include="Shaders\color.vs.hlsl">
      <Filter>Resource Files\Shaders</Filter>
    </FxCompile>
    <FxCompile Include="Shaders\color.ps.hlsl">
      <Filter>Resource Files\Shaders</Filter>
    </FxCompile>
    <FxCompile Include="Shaders\RayTracing\RtMain.hlsl">
      <Filter>Resource Files\Shaders\RayTracing</Filter>
    </FxCompile>
    <FxCompile Include="Shaders\RayTracing\Display.ps.hlsl">
      <Filter>Resource Files\Shaders\RayTracing</Filter>
    </FxCompile>
    <FxCompile Include="Shaders\RayTracing\Display.vs.hlsl">
      <Filter>Resource Files\Shaders\RayTracing</Filter>
    </FxCompile>
  </ItemGroup>
  <ItemGroup>
    <None Include="packages.config" />
    <None Include="Shaders\inputs.hlsli">
      <Filter>Resource Files\Shaders</Filter>
    </None>
    <None Include="Shaders\RayTracing\Common.hlsli">
      <Filter>Resource Files\Shaders\RayTracing</Filter>
    </None>
    <None Include="Shaders\RayTracing\Utils.hlsli">
      <Filter>Resource Files\Shaders\RayTracing</Filter>
    </None>
    <None Include="Shaders\RayTracing\ShadowRay.hlsli">
      <Filter>Resource Files\Shaders\RayTracing</Filter>
    </None>
    <None Include="Shaders\RayTracing\IndirectRay.hlsli">
      <Filter>Resource Files\Shaders\RayTracing</Filter>
    </None>
    <None Include="Shaders\RayTracing\GGXShading.hlsli">
      <Filter>Resource Files\Shaders\RayTracing</Filter>
    </None>
    <None Include="Shaders\RayTracing\RayGener.hlsli">
      <Filter>Resource Files\Shaders\RayTracing</Filter>
    </None>
    <None Include="Shaders\RayTracing\PrimaryRay.hlsli">
      <Filter>Resource Files\Shaders\RayTracing</Filter>
    </None>
    <None Include="Shaders\RayTracing\Display.hlsli">
      <Filter>Resource Files\Shaders\RayTracing</Filter>
    </None>
  </ItemGroup>
</Project>